
Microsoft Visual Studio Solution File, Format Version 12.00
# Visual Studio Version 17
VisualStudioVersion = 17.3.32825.248
MinimumVisualStudioVersion = 10.0.40219.1
Project("{FAE04EC0-301F-11D3-BF4B-00C04F79EFBC}") = "Test", "Test\Test.csproj", "{E367D365-6124-4786-963D-8900BCA24508}"
EndProject
Project("{FAE04EC0-301F-11D3-BF4B-00C04F79EFBC}") = "TestProject2", "TestProject2\TestProject2.csproj", "{0642422A-C931-41B3-B0E6-FAB172B0CC7D}"
EndProject
Project("{FAE04EC0-301F-11D3-BF4B-00C04F79EFBC}") = "MyLib", "MyLib\MyLib.csproj", "{DA1CA247-784D-4782-99A6-8D9871397185}"
EndProject
Global
	GlobalSection(SolutionConfigurationPlatforms) = preSolution
		Debug|Any CPU = Debug|Any CPU
		Release|Any CPU = Release|Any CPU
	EndGlobalSection
	GlobalSection(ProjectConfigurationPlatforms) = postSolution
		{E367D365-6124-4786-963D-8900BCA24508}.Debug|Any CPU.ActiveCfg = Debug|Any CPU
		{E367D365-6124-4786-963D-8900BCA24508}.Debug|Any CPU.Build.0 = Debug|Any CPU
		{E367D365-6124-4786-963D-8900BCA24508}.Release|Any CPU.ActiveCfg = Release|Any CPU
		{E367D365-6124-4786-963D-8900BCA24508}.Release|Any CPU.Build.0 = Release|Any CPU
		{0642422A-C931-41B3-B0E6-FAB172B0CC7D}.Debug|Any CPU.ActiveCfg = Debug|Any CPU
		{0642422A-C931-41B3-B0E6-FAB172B0CC7D}.Debug|Any CPU.Build.0 = Debug|Any CPU
		{0642422A-C931-41B3-B0E6-FAB172B0CC7D}.Release|Any CPU.ActiveCfg = Release|Any CPU
		{0642422A-C931-41B3-B0E6-FAB172B0CC7D}.Release|Any CPU.Build.0 = Release|Any CPU
		{DA1CA247-784D-4782-99A6-8D9871397185}.Debug|Any CPU.ActiveCfg = Debug|Any CPU
		{DA1CA247-784D-4782-99A6-8D9871397185}.Debug|Any CPU.Build.0 = Debug|Any CPU
		{DA1CA247-784D-4782-99A6-8D9871397185}.Release|Any CPU.ActiveCfg = Release|Any CPU
		{DA1CA247-784D-4782-99A6-8D9871397185}.Release|Any CPU.Build.0 = Release|Any CPU
	EndGlobalSection
	GlobalSection(SolutionProperties) = preSolution
		HideSolutionNode = FALSE
	EndGlobalSection
	GlobalSection(ExtensibilityGlobals) = postSolution
		SolutionGuid = {12673630-020B-456A-A3DC-84254EAD63BB}
	EndGlobalSection
EndGlobal
